
Microsoft Visual Studio Solution File, Format Version 12.00
# Visual Studio Version 17
VisualStudioVersion = 17.0.32014.148
MinimumVisualStudioVersion = 10.0.40219.1
Project("{FAE04EC0-301F-11D3-BF4B-00C04F79EFBC}") = "Aula03-Operadores", "Aula03-Operadores\Aula03-Operadores.csproj", "{F734DF4F-90AD-4580-9AAD-C60C38523906}"
EndProject
Global
	GlobalSection(SolutionConfigurationPlatforms) = preSolution
		Debug|Any CPU = Debug|Any CPU
		Release|Any CPU = Release|Any CPU
	EndGlobalSection
	GlobalSection(ProjectConfigurationPlatforms) = postSolution
		{F734DF4F-90AD-4580-9AAD-C60C38523906}.Debug|Any CPU.ActiveCfg = Debug|Any CPU
		{F734DF4F-90AD-4580-9AAD-C60C38523906}.Debug|Any CPU.Build.0 = Debug|Any CPU
		{F734DF4F-90AD-4580-9AAD-C60C38523906}.Release|Any CPU.ActiveCfg = Release|Any CPU
		{F734DF4F-90AD-4580-9AAD-C60C38523906}.Release|Any CPU.Build.0 = Release|Any CPU
	EndGlobalSection
	GlobalSection(SolutionProperties) = preSolution
		HideSolutionNode = FALSE
	EndGlobalSection
	GlobalSection(ExtensibilityGlobals) = postSolution
		SolutionGuid = {1F81CFC6-206C-4A55-95FF-BB2066922EDC}
	EndGlobalSection
EndGlobal
